
Microsoft Visual Studio Solution File, Format Version 12.00
# Visual Studio Version 17
VisualStudioVersion = 17.12.35209.166
MinimumVisualStudioVersion = 10.0.40219.1
Project("{FAE04EC0-301F-11D3-BF4B-00C04F79EFBC}") = "Triangle_vorm", "Triangle_vorm.csproj", "{38F4C6CD-EFBF-4BD2-9533-ADB62FAFF3C9}"
EndProject
Global
	GlobalSection(SolutionConfigurationPlatforms) = preSolution
		Debug|Any CPU = Debug|Any CPU
		Release|Any CPU = Release|Any CPU
	EndGlobalSection
	GlobalSection(ProjectConfigurationPlatforms) = postSolution
		{38F4C6CD-EFBF-4BD2-9533-ADB62FAFF3C9}.Debug|Any CPU.ActiveCfg = Debug|Any CPU
		{38F4C6CD-EFBF-4BD2-9533-ADB62FAFF3C9}.Debug|Any CPU.Build.0 = Debug|Any CPU
		{38F4C6CD-EFBF-4BD2-9533-ADB62FAFF3C9}.Release|Any CPU.ActiveCfg = Release|Any CPU
		{38F4C6CD-EFBF-4BD2-9533-ADB62FAFF3C9}.Release|Any CPU.Build.0 = Release|Any CPU
	EndGlobalSection
	GlobalSection(SolutionProperties) = preSolution
		HideSolutionNode = FALSE
	EndGlobalSection
	GlobalSection(ExtensibilityGlobals) = postSolution
		SolutionGuid = {3FEB196B-AA67-47A6-A67B-33F72BE1834E}
	EndGlobalSection
EndGlobal
